
Microsoft Visual Studio Solution File, Format Version 12.00
# Visual Studio 15
VisualStudioVersion = 15.0.27130.2024
MinimumVisualStudioVersion = 10.0.40219.1
Project("{8BC9CEB8-8B4A-11D0-8D11-00A0C91BC942}") = "Drink Language", "Drink Language\Drink Language.vcxproj", "{A8ED6677-77B2-455E-8355-9E060FCACC64}"
EndProject
Global
	GlobalSection(SolutionConfigurationPlatforms) = preSolution
		Debug|x64 = Debug|x64
		Debug|x86 = Debug|x86
		Release|x64 = Release|x64
		Release|x86 = Release|x86
	EndGlobalSection
	GlobalSection(ProjectConfigurationPlatforms) = postSolution
		{A8ED6677-77B2-455E-8355-9E060FCACC64}.Debug|x64.ActiveCfg = Debug|x64
		{A8ED6677-77B2-455E-8355-9E060FCACC64}.Debug|x64.Build.0 = Debug|x64
		{A8ED6677-77B2-455E-8355-9E060FCACC64}.Debug|x86.ActiveCfg = Debug|Win32
		{A8ED6677-77B2-455E-8355-9E060FCACC64}.Debug|x86.Build.0 = Debug|Win32
		{A8ED6677-77B2-455E-8355-9E060FCACC64}.Release|x64.ActiveCfg = Release|x64
		{A8ED6677-77B2-455E-8355-9E060FCACC64}.Release|x64.Build.0 = Release|x64
		{A8ED6677-77B2-455E-8355-9E060FCACC64}.Release|x86.ActiveCfg = Release|Win32
		{A8ED6677-77B2-455E-8355-9E060FCACC64}.Release|x86.Build.0 = Release|Win32
	EndGlobalSection
	GlobalSection(SolutionProperties) = preSolution
		HideSolutionNode = FALSE
	EndGlobalSection
	GlobalSection(ExtensibilityGlobals) = postSolution
		SolutionGuid = {8CF80ED7-CF65-4335-AB15-19F24D544204}
	EndGlobalSection
EndGlobal
